
Microsoft Visual Studio Solution File, Format Version 12.00
# Visual Studio Version 17
VisualStudioVersion = 17.3.32825.248
MinimumVisualStudioVersion = 10.0.40219.1
Project("{FAE04EC0-301F-11D3-BF4B-00C04F79EFBC}") = "ConsoleApp6", "ConsoleApp6.csproj", "{AF6EAC55-3ACE-4BB3-97F5-5102618B0FA8}"
EndProject
Global
	GlobalSection(SolutionConfigurationPlatforms) = preSolution
		Debug|Any CPU = Debug|Any CPU
		Release|Any CPU = Release|Any CPU
	EndGlobalSection
	GlobalSection(ProjectConfigurationPlatforms) = postSolution
		{AF6EAC55-3ACE-4BB3-97F5-5102618B0FA8}.Debug|Any CPU.ActiveCfg = Debug|Any CPU
		{AF6EAC55-3ACE-4BB3-97F5-5102618B0FA8}.Debug|Any CPU.Build.0 = Debug|Any CPU
		{AF6EAC55-3ACE-4BB3-97F5-5102618B0FA8}.Release|Any CPU.ActiveCfg = Release|Any CPU
		{AF6EAC55-3ACE-4BB3-97F5-5102618B0FA8}.Release|Any CPU.Build.0 = Release|Any CPU
	EndGlobalSection
	GlobalSection(SolutionProperties) = preSolution
		HideSolutionNode = FALSE
	EndGlobalSection
	GlobalSection(ExtensibilityGlobals) = postSolution
		SolutionGuid = {6808A120-7282-4E19-B360-F15DB0704313}
	EndGlobalSection
EndGlobal
